
Microsoft Visual Studio Solution File, Format Version 12.00
# Visual Studio Version 16
VisualStudioVersion = 16.0.29613.14
MinimumVisualStudioVersion = 10.0.40219.1
Project("{FAE04EC0-301F-11D3-BF4B-00C04F79EFBC}") = "CloggedPrinterHeadPreventer", "CloggedPrinterHeadPreventer\CloggedPrinterHeadPreventer.csproj", "{5337CF28-ECE3-4A2E-81B0-E1B5AA7FC5FC}"
EndProject
Project("{FAE04EC0-301F-11D3-BF4B-00C04F79EFBC}") = "PrintingReminderWindow", "PrintingReminderWindow\PrintingReminderWindow.csproj", "{19FCA51C-BD78-448D-AFD7-D9CF95735190}"
EndProject
Global
	GlobalSection(SolutionConfigurationPlatforms) = preSolution
		Debug|Any CPU = Debug|Any CPU
		Release|Any CPU = Release|Any CPU
	EndGlobalSection
	GlobalSection(ProjectConfigurationPlatforms) = postSolution
		{5337CF28-ECE3-4A2E-81B0-E1B5AA7FC5FC}.Debug|Any CPU.ActiveCfg = Debug|Any CPU
		{5337CF28-ECE3-4A2E-81B0-E1B5AA7FC5FC}.Debug|Any CPU.Build.0 = Debug|Any CPU
		{5337CF28-ECE3-4A2E-81B0-E1B5AA7FC5FC}.Release|Any CPU.ActiveCfg = Release|Any CPU
		{5337CF28-ECE3-4A2E-81B0-E1B5AA7FC5FC}.Release|Any CPU.Build.0 = Release|Any CPU
		{19FCA51C-BD78-448D-AFD7-D9CF95735190}.Debug|Any CPU.ActiveCfg = Debug|Any CPU
		{19FCA51C-BD78-448D-AFD7-D9CF95735190}.Debug|Any CPU.Build.0 = Debug|Any CPU
		{19FCA51C-BD78-448D-AFD7-D9CF95735190}.Release|Any CPU.ActiveCfg = Release|Any CPU
		{19FCA51C-BD78-448D-AFD7-D9CF95735190}.Release|Any CPU.Build.0 = Release|Any CPU
	EndGlobalSection
	GlobalSection(SolutionProperties) = preSolution
		HideSolutionNode = FALSE
	EndGlobalSection
	GlobalSection(ExtensibilityGlobals) = postSolution
		SolutionGuid = {B5ED6124-5CD7-4A35-BFED-69EA6C0CCEA6}
	EndGlobalSection
EndGlobal
